
Microsoft Visual Studio Solution File, Format Version 12.00
# Visual Studio 15
VisualStudioVersion = 15.0.28010.2048
MinimumVisualStudioVersion = 10.0.40219.1
Project("{8BC9CEB8-8B4A-11D0-8D11-00A0C91BC942}") = "MediaMaker", "MediaMaker\MediaMaker.vcxproj", "{3EA30335-E811-4838-9710-EF5DF47F869A}"
EndProject
Global
	GlobalSection(SolutionConfigurationPlatforms) = preSolution
		Debug|x86 = Debug|x86
		Release|x86 = Release|x86
	EndGlobalSection
	GlobalSection(ProjectConfigurationPlatforms) = postSolution
		{3EA30335-E811-4838-9710-EF5DF47F869A}.Debug|x86.ActiveCfg = Debug|Win32
		{3EA30335-E811-4838-9710-EF5DF47F869A}.Debug|x86.Build.0 = Debug|Win32
		{3EA30335-E811-4838-9710-EF5DF47F869A}.Release|x86.ActiveCfg = Release|Win32
		{3EA30335-E811-4838-9710-EF5DF47F869A}.Release|x86.Build.0 = Release|Win32
	EndGlobalSection
	GlobalSection(SolutionProperties) = preSolution
		HideSolutionNode = FALSE
	EndGlobalSection
	GlobalSection(ExtensibilityGlobals) = postSolution
		SolutionGuid = {886F04EE-00C2-4E11-9082-E9B87E57FA37}
	EndGlobalSection
EndGlobal
